
Microsoft Visual Studio Solution File, Format Version 12.00
# Visual Studio Version 16
VisualStudioVersion = 16.0.31410.357
MinimumVisualStudioVersion = 10.0.40219.1
Project("{FAE04EC0-301F-11D3-BF4B-00C04F79EFBC}") = "GitRepo071221", "GitRepo071221.csproj", "{FDBFE16F-E652-4115-B0FD-509AE4A7E07B}"
EndProject
Global
	GlobalSection(SolutionConfigurationPlatforms) = preSolution
		Debug|Any CPU = Debug|Any CPU
		Release|Any CPU = Release|Any CPU
	EndGlobalSection
	GlobalSection(ProjectConfigurationPlatforms) = postSolution
		{FDBFE16F-E652-4115-B0FD-509AE4A7E07B}.Debug|Any CPU.ActiveCfg = Debug|Any CPU
		{FDBFE16F-E652-4115-B0FD-509AE4A7E07B}.Debug|Any CPU.Build.0 = Debug|Any CPU
		{FDBFE16F-E652-4115-B0FD-509AE4A7E07B}.Release|Any CPU.ActiveCfg = Release|Any CPU
		{FDBFE16F-E652-4115-B0FD-509AE4A7E07B}.Release|Any CPU.Build.0 = Release|Any CPU
	EndGlobalSection
	GlobalSection(SolutionProperties) = preSolution
		HideSolutionNode = FALSE
	EndGlobalSection
	GlobalSection(ExtensibilityGlobals) = postSolution
		SolutionGuid = {25E8B73B-41EA-4CBE-BA8B-F63C2602C9A6}
	EndGlobalSection
EndGlobal
